Microsoft Visual Studio Solution File, Format Version 12.00
# Visual Studio Version 17
VisualStudioVersion = 17.5.2.0
MinimumVisualStudioVersion = 10.0.40219.1
Project("{FAE04EC0-301F-11D3-BF4B-00C04F79EFBC}") = "games-vault", "games-vault.csproj", "{6ECD5F3B-21DA-203F-A53B-4179A84211DE}"
EndProject
Global
	GlobalSection(SolutionConfigurationPlatforms) = preSolution
		Debug|Any CPU = Debug|Any CPU
		Release|Any CPU = Release|Any CPU
	EndGlobalSection
	GlobalSection(ProjectConfigurationPlatforms) = postSolution
		{6ECD5F3B-21DA-203F-A53B-4179A84211DE}.Debug|Any CPU.ActiveCfg = Debug|Any CPU
		{6ECD5F3B-21DA-203F-A53B-4179A84211DE}.Debug|Any CPU.Build.0 = Debug|Any CPU
		{6ECD5F3B-21DA-203F-A53B-4179A84211DE}.Release|Any CPU.ActiveCfg = Release|Any CPU
		{6ECD5F3B-21DA-203F-A53B-4179A84211DE}.Release|Any CPU.Build.0 = Release|Any CPU
	EndGlobalSection
	GlobalSection(SolutionProperties) = preSolution
		HideSolutionNode = FALSE
	EndGlobalSection
	GlobalSection(ExtensibilityGlobals) = postSolution
		SolutionGuid = {13EFFDF9-A6F4-47B7-AA76-2DD88754C304}
	EndGlobalSection
EndGlobal
